
Microsoft Visual Studio Solution File, Format Version 12.00
# Visual Studio 15
VisualStudioVersion = 15.0.27428.2037
MinimumVisualStudioVersion = 10.0.40219.1
Project("{8BC9CEB8-8B4A-11D0-8D11-00A0C91BC942}") = "DeepLearningCore", "DeepLearningCore\DeepLearningCore.vcxproj", "{688A954E-C6AA-422A-9F59-38A818BC5DF7}"
EndProject
Project("{8BC9CEB8-8B4A-11D0-8D11-00A0C91BC942}") = "DeepLearning", "DeepLearning\DeepLearning.vcxproj", "{6AECF723-AEBC-40AE-B434-575B2B163606}"
	ProjectSection(ProjectDependencies) = postProject
		{688A954E-C6AA-422A-9F59-38A818BC5DF7} = {688A954E-C6AA-422A-9F59-38A818BC5DF7}
	EndProjectSection
EndProject
Project("{FAE04EC0-301F-11D3-BF4B-00C04F79EFBC}") = "DeepLearningTest", "UnitTestDeepLearning\DeepLearningTest.csproj", "{09C13394-CB8E-476F-B2E2-BF92BA161E23}"
	ProjectSection(ProjectDependencies) = postProject
		{6AECF723-AEBC-40AE-B434-575B2B163606} = {6AECF723-AEBC-40AE-B434-575B2B163606}
	EndProjectSection
EndProject
Project("{8BC9CEB8-8B4A-11D0-8D11-00A0C91BC942}") = "DeepLearningCoreTest", "DeepLearningCoreTest\DeepLearningCoreTest.vcxproj", "{3BBD4BC8-E538-4731-B0EA-5C9231878C11}"
	ProjectSection(ProjectDependencies) = postProject
		{688A954E-C6AA-422A-9F59-38A818BC5DF7} = {688A954E-C6AA-422A-9F59-38A818BC5DF7}
	EndProjectSection
EndProject
Global
	GlobalSection(SolutionConfigurationPlatforms) = preSolution
		Debug|Any CPU = Debug|Any CPU
		Debug|x64 = Debug|x64
		Debug|x86 = Debug|x86
		Release|Any CPU = Release|Any CPU
		Release|x64 = Release|x64
		Release|x86 = Release|x86
	EndGlobalSection
	GlobalSection(ProjectConfigurationPlatforms) = postSolution
		{688A954E-C6AA-422A-9F59-38A818BC5DF7}.Debug|Any CPU.ActiveCfg = Debug|x64
		{688A954E-C6AA-422A-9F59-38A818BC5DF7}.Debug|Any CPU.Build.0 = Debug|x64
		{688A954E-C6AA-422A-9F59-38A818BC5DF7}.Debug|x64.ActiveCfg = Debug|x64
		{688A954E-C6AA-422A-9F59-38A818BC5DF7}.Debug|x64.Build.0 = Debug|x64
		{688A954E-C6AA-422A-9F59-38A818BC5DF7}.Debug|x86.ActiveCfg = Debug|Win32
		{688A954E-C6AA-422A-9F59-38A818BC5DF7}.Debug|x86.Build.0 = Debug|Win32
		{688A954E-C6AA-422A-9F59-38A818BC5DF7}.Release|Any CPU.ActiveCfg = Release|Win32
		{688A954E-C6AA-422A-9F59-38A818BC5DF7}.Release|x64.ActiveCfg = Release|x64
		{688A954E-C6AA-422A-9F59-38A818BC5DF7}.Release|x64.Build.0 = Release|x64
		{688A954E-C6AA-422A-9F59-38A818BC5DF7}.Release|x86.ActiveCfg = Release|Win32
		{688A954E-C6AA-422A-9F59-38A818BC5DF7}.Release|x86.Build.0 = Release|Win32
		{6AECF723-AEBC-40AE-B434-575B2B163606}.Debug|Any CPU.ActiveCfg = Debug|x64
		{6AECF723-AEBC-40AE-B434-575B2B163606}.Debug|Any CPU.Build.0 = Debug|x64
		{6AECF723-AEBC-40AE-B434-575B2B163606}.Debug|x64.ActiveCfg = Debug|x64
		{6AECF723-AEBC-40AE-B434-575B2B163606}.Debug|x64.Build.0 = Debug|x64
		{6AECF723-AEBC-40AE-B434-575B2B163606}.Debug|x86.ActiveCfg = Debug|Win32
		{6AECF723-AEBC-40AE-B434-575B2B163606}.Debug|x86.Build.0 = Debug|Win32
		{6AECF723-AEBC-40AE-B434-575B2B163606}.Release|Any CPU.ActiveCfg = Release|Win32
		{6AECF723-AEBC-40AE-B434-575B2B163606}.Release|x64.ActiveCfg = Release|x64
		{6AECF723-AEBC-40AE-B434-575B2B163606}.Release|x64.Build.0 = Release|x64
		{6AECF723-AEBC-40AE-B434-575B2B163606}.Release|x86.ActiveCfg = Release|Win32
		{6AECF723-AEBC-40AE-B434-575B2B163606}.Release|x86.Build.0 = Release|Win32
		{09C13394-CB8E-476F-B2E2-BF92BA161E23}.Debug|Any CPU.ActiveCfg = Debug|Any CPU
		{09C13394-CB8E-476F-B2E2-BF92BA161E23}.Debug|Any CPU.Build.0 = Debug|Any CPU
		{09C13394-CB8E-476F-B2E2-BF92BA161E23}.Debug|x64.ActiveCfg = Debug|Any CPU
		{09C13394-CB8E-476F-B2E2-BF92BA161E23}.Debug|x64.Build.0 = Debug|Any CPU
		{09C13394-CB8E-476F-B2E2-BF92BA161E23}.Debug|x86.ActiveCfg = Debug|Any CPU
		{09C13394-CB8E-476F-B2E2-BF92BA161E23}.Debug|x86.Build.0 = Debug|Any CPU
		{09C13394-CB8E-476F-B2E2-BF92BA161E23}.Release|Any CPU.ActiveCfg = Release|Any CPU
		{09C13394-CB8E-476F-B2E2-BF92BA161E23}.Release|Any CPU.Build.0 = Release|Any CPU
		{09C13394-CB8E-476F-B2E2-BF92BA161E23}.Release|x64.ActiveCfg = Release|Any CPU
		{09C13394-CB8E-476F-B2E2-BF92BA161E23}.Release|x64.Build.0 = Release|Any CPU
		{09C13394-CB8E-476F-B2E2-BF92BA161E23}.Release|x86.ActiveCfg = Release|Any CPU
		{09C13394-CB8E-476F-B2E2-BF92BA161E23}.Release|x86.Build.0 = Release|Any CPU
		{3BBD4BC8-E538-4731-B0EA-5C9231878C11}.Debug|Any CPU.ActiveCfg = Debug|Win32
		{3BBD4BC8-E538-4731-B0EA-5C9231878C11}.Debug|x64.ActiveCfg = Debug|x64
		{3BBD4BC8-E538-4731-B0EA-5C9231878C11}.Debug|x64.Build.0 = Debug|x64
		{3BBD4BC8-E538-4731-B0EA-5C9231878C11}.Debug|x86.ActiveCfg = Debug|Win32
		{3BBD4BC8-E538-4731-B0EA-5C9231878C11}.Debug|x86.Build.0 = Debug|Win32
		{3BBD4BC8-E538-4731-B0EA-5C9231878C11}.Release|Any CPU.ActiveCfg = Release|Win32
		{3BBD4BC8-E538-4731-B0EA-5C9231878C11}.Release|x64.ActiveCfg = Release|x64
		{3BBD4BC8-E538-4731-B0EA-5C9231878C11}.Release|x64.Build.0 = Release|x64
		{3BBD4BC8-E538-4731-B0EA-5C9231878C11}.Release|x86.ActiveCfg = Release|Win32
		{3BBD4BC8-E538-4731-B0EA-5C9231878C11}.Release|x86.Build.0 = Release|Win32
	EndGlobalSection
	GlobalSection(SolutionProperties) = preSolution
		HideSolutionNode = FALSE
	EndGlobalSection
	GlobalSection(ExtensibilityGlobals) = postSolution
		SolutionGuid = {F54007E0-A0B4-4D23-A4ED-2B8CECA41214}
	EndGlobalSection
EndGlobal
